
Microsoft Visual Studio Solution File, Format Version 12.00
# Visual Studio 15
VisualStudioVersion = 15.0.27004.2002
MinimumVisualStudioVersion = 10.0.40219.1
Project("{FAE04EC0-301F-11D3-BF4B-00C04F79EFBC}") = "Diaian", "Diaian\Diaian.csproj", "{52A4232A-A087-48D9-9DEB-BB2777AB2E5D}"
EndProject
Global
	GlobalSection(SolutionConfigurationPlatforms) = preSolution
		Debug|Any CPU = Debug|Any CPU
		Release|Any CPU = Release|Any CPU
	EndGlobalSection
	GlobalSection(ProjectConfigurationPlatforms) = postSolution
		{52A4232A-A087-48D9-9DEB-BB2777AB2E5D}.Debug|Any CPU.ActiveCfg = Debug|Any CPU
		{52A4232A-A087-48D9-9DEB-BB2777AB2E5D}.Debug|Any CPU.Build.0 = Debug|Any CPU
		{52A4232A-A087-48D9-9DEB-BB2777AB2E5D}.Release|Any CPU.ActiveCfg = Release|Any CPU
		{52A4232A-A087-48D9-9DEB-BB2777AB2E5D}.Release|Any CPU.Build.0 = Release|Any CPU
	EndGlobalSection
	GlobalSection(SolutionProperties) = preSolution
		HideSolutionNode = FALSE
	EndGlobalSection
	GlobalSection(ExtensibilityGlobals) = postSolution
		SolutionGuid = {5ADBD79D-C964-4E9E-9B02-2DE65C0ACB05}
	EndGlobalSection
EndGlobal
